
Microsoft Visual Studio Solution File, Format Version 12.00
# Visual Studio 15
VisualStudioVersion = 15.0.27703.2035
MinimumVisualStudioVersion = 10.0.40219.1
Project("{FAE04EC0-301F-11D3-BF4B-00C04F79EFBC}") = "Coordinate_Descent_method", "Coordinate_Descent_method\Coordinate_Descent_method.csproj", "{CD3CFEDB-0FED-49CE-AE75-2E459627F609}"
EndProject
Project("{FAE04EC0-301F-11D3-BF4B-00C04F79EFBC}") = "Gradient_Descent_method", "Gradient_Descent_method\Gradient_Descent_method.csproj", "{76113243-EBF4-463B-8155-B428BCC49321}"
EndProject
Project("{FAE04EC0-301F-11D3-BF4B-00C04F79EFBC}") = "Ordianry_less_squares_method", "Ordianry_less_squares_method\Ordianry_less_squares_method.csproj", "{7440E7CE-C4C0-49DA-8ADE-0AAB36D6C73E}"
EndProject
Project("{FAE04EC0-301F-11D3-BF4B-00C04F79EFBC}") = "Backward_interpolation_method", "Backward_interpolation_method\Backward_interpolation_method.csproj", "{A3A0AADF-F496-4E8E-ACEC-88F99F37869F}"
EndProject
Global
	GlobalSection(SolutionConfigurationPlatforms) = preSolution
		Debug|Any CPU = Debug|Any CPU
		Release|Any CPU = Release|Any CPU
	EndGlobalSection
	GlobalSection(ProjectConfigurationPlatforms) = postSolution
		{CD3CFEDB-0FED-49CE-AE75-2E459627F609}.Debug|Any CPU.ActiveCfg = Debug|Any CPU
		{CD3CFEDB-0FED-49CE-AE75-2E459627F609}.Debug|Any CPU.Build.0 = Debug|Any CPU
		{CD3CFEDB-0FED-49CE-AE75-2E459627F609}.Release|Any CPU.ActiveCfg = Release|Any CPU
		{CD3CFEDB-0FED-49CE-AE75-2E459627F609}.Release|Any CPU.Build.0 = Release|Any CPU
		{76113243-EBF4-463B-8155-B428BCC49321}.Debug|Any CPU.ActiveCfg = Debug|Any CPU
		{76113243-EBF4-463B-8155-B428BCC49321}.Debug|Any CPU.Build.0 = Debug|Any CPU
		{76113243-EBF4-463B-8155-B428BCC49321}.Release|Any CPU.ActiveCfg = Release|Any CPU
		{76113243-EBF4-463B-8155-B428BCC49321}.Release|Any CPU.Build.0 = Release|Any CPU
		{7440E7CE-C4C0-49DA-8ADE-0AAB36D6C73E}.Debug|Any CPU.ActiveCfg = Debug|Any CPU
		{7440E7CE-C4C0-49DA-8ADE-0AAB36D6C73E}.Debug|Any CPU.Build.0 = Debug|Any CPU
		{7440E7CE-C4C0-49DA-8ADE-0AAB36D6C73E}.Release|Any CPU.ActiveCfg = Release|Any CPU
		{7440E7CE-C4C0-49DA-8ADE-0AAB36D6C73E}.Release|Any CPU.Build.0 = Release|Any CPU
		{A3A0AADF-F496-4E8E-ACEC-88F99F37869F}.Debug|Any CPU.ActiveCfg = Debug|Any CPU
		{A3A0AADF-F496-4E8E-ACEC-88F99F37869F}.Debug|Any CPU.Build.0 = Debug|Any CPU
		{A3A0AADF-F496-4E8E-ACEC-88F99F37869F}.Release|Any CPU.ActiveCfg = Release|Any CPU
		{A3A0AADF-F496-4E8E-ACEC-88F99F37869F}.Release|Any CPU.Build.0 = Release|Any CPU
	EndGlobalSection
	GlobalSection(SolutionProperties) = preSolution
		HideSolutionNode = FALSE
	EndGlobalSection
	GlobalSection(ExtensibilityGlobals) = postSolution
		SolutionGuid = {374B475F-75EA-46DA-A173-DEB68E3378B0}
	EndGlobalSection
EndGlobal
